
Microsoft Visual Studio Solution File, Format Version 12.00
# Visual Studio 15
VisualStudioVersion = 15.0.28307.168
MinimumVisualStudioVersion = 10.0.40219.1
Project("{8BC9CEB8-8B4A-11D0-8D11-00A0C91BC942}") = "test_engine_2D", "test_engine_2D\test_engine_2D.vcxproj", "{1ED9A6AA-106E-417F-8723-BF018FA72329}"
EndProject
Global
	GlobalSection(SolutionConfigurationPlatforms) = preSolution
		Debug|x64 = Debug|x64
		Debug|x86 = Debug|x86
		Release|x64 = Release|x64
		Release|x86 = Release|x86
	EndGlobalSection
	GlobalSection(ProjectConfigurationPlatforms) = postSolution
		{1ED9A6AA-106E-417F-8723-BF018FA72329}.Debug|x64.ActiveCfg = Debug|x64
		{1ED9A6AA-106E-417F-8723-BF018FA72329}.Debug|x64.Build.0 = Debug|x64
		{1ED9A6AA-106E-417F-8723-BF018FA72329}.Debug|x86.ActiveCfg = Debug|Win32
		{1ED9A6AA-106E-417F-8723-BF018FA72329}.Debug|x86.Build.0 = Debug|Win32
		{1ED9A6AA-106E-417F-8723-BF018FA72329}.Release|x64.ActiveCfg = Release|x64
		{1ED9A6AA-106E-417F-8723-BF018FA72329}.Release|x64.Build.0 = Release|x64
		{1ED9A6AA-106E-417F-8723-BF018FA72329}.Release|x86.ActiveCfg = Release|Win32
		{1ED9A6AA-106E-417F-8723-BF018FA72329}.Release|x86.Build.0 = Release|Win32
	EndGlobalSection
	GlobalSection(SolutionProperties) = preSolution
		HideSolutionNode = FALSE
	EndGlobalSection
	GlobalSection(ExtensibilityGlobals) = postSolution
		SolutionGuid = {D2CE5EFB-65AF-4F7E-9E06-E3E2DE1CF0C9}
	EndGlobalSection
EndGlobal
